
Microsoft Visual Studio Solution File, Format Version 12.00
# Visual Studio Version 17
VisualStudioVersion = 17.0.31903.59
MinimumVisualStudioVersion = 10.0.40219.1
Project("{2150E333-8FDC-42A3-9474-1A3956D46DE8}") = "src", "src", "{0EFE2B03-D993-414E-A74A-8D336A8357AA}"
EndProject
Project("{FAE04EC0-301F-11D3-BF4B-00C04F79EFBC}") = "APBDTask11.WebApp", "src\APBDTask11.WebApp\APBDTask11.WebApp.csproj", "{941F484C-ECC0-41A2-8FC7-C08BA7DA3BB5}"
EndProject
Project("{FAE04EC0-301F-11D3-BF4B-00C04F79EFBC}") = "APBDTask11.Logic", "src\APBDTask11.Logic\APBDTask11.Logic.csproj", "{D7187BDA-8DC5-40E3-ADBB-C6913A546F5C}"
EndProject
Project("{FAE04EC0-301F-11D3-BF4B-00C04F79EFBC}") = "APBDTask11.Database", "src\APBDTask11.Database\APBDTask11.Database.csproj", "{167490EE-7709-4CBF-9EAC-A865A9121C98}"
EndProject
Global
	GlobalSection(SolutionConfigurationPlatforms) = preSolution
		Debug|Any CPU = Debug|Any CPU
		Release|Any CPU = Release|Any CPU
	EndGlobalSection
	GlobalSection(SolutionProperties) = preSolution
		HideSolutionNode = FALSE
	EndGlobalSection
	GlobalSection(ProjectConfigurationPlatforms) = postSolution
		{941F484C-ECC0-41A2-8FC7-C08BA7DA3BB5}.Debug|Any CPU.ActiveCfg = Debug|Any CPU
		{941F484C-ECC0-41A2-8FC7-C08BA7DA3BB5}.Debug|Any CPU.Build.0 = Debug|Any CPU
		{941F484C-ECC0-41A2-8FC7-C08BA7DA3BB5}.Release|Any CPU.ActiveCfg = Release|Any CPU
		{941F484C-ECC0-41A2-8FC7-C08BA7DA3BB5}.Release|Any CPU.Build.0 = Release|Any CPU
		{D7187BDA-8DC5-40E3-ADBB-C6913A546F5C}.Debug|Any CPU.ActiveCfg = Debug|Any CPU
		{D7187BDA-8DC5-40E3-ADBB-C6913A546F5C}.Debug|Any CPU.Build.0 = Debug|Any CPU
		{D7187BDA-8DC5-40E3-ADBB-C6913A546F5C}.Release|Any CPU.ActiveCfg = Release|Any CPU
		{D7187BDA-8DC5-40E3-ADBB-C6913A546F5C}.Release|Any CPU.Build.0 = Release|Any CPU
		{167490EE-7709-4CBF-9EAC-A865A9121C98}.Debug|Any CPU.ActiveCfg = Debug|Any CPU
		{167490EE-7709-4CBF-9EAC-A865A9121C98}.Debug|Any CPU.Build.0 = Debug|Any CPU
		{167490EE-7709-4CBF-9EAC-A865A9121C98}.Release|Any CPU.ActiveCfg = Release|Any CPU
		{167490EE-7709-4CBF-9EAC-A865A9121C98}.Release|Any CPU.Build.0 = Release|Any CPU
	EndGlobalSection
	GlobalSection(NestedProjects) = preSolution
		{941F484C-ECC0-41A2-8FC7-C08BA7DA3BB5} = {0EFE2B03-D993-414E-A74A-8D336A8357AA}
		{D7187BDA-8DC5-40E3-ADBB-C6913A546F5C} = {0EFE2B03-D993-414E-A74A-8D336A8357AA}
		{167490EE-7709-4CBF-9EAC-A865A9121C98} = {0EFE2B03-D993-414E-A74A-8D336A8357AA}
	EndGlobalSection
EndGlobal
